
Microsoft Visual Studio Solution File, Format Version 12.00
# Visual Studio Version 16
VisualStudioVersion = 16.0.29403.142
MinimumVisualStudioVersion = 10.0.40219.1
Project("{9A19103F-16F7-4668-BE54-9A1E7A4F7556}") = "Ch14_ConfiguringApps", "Ch14_ConfiguringApps\Ch14_ConfiguringApps.csproj", "{00267EBE-B0BD-4B73-99A0-8D48A7A5D18A}"
EndProject
Project("{9A19103F-16F7-4668-BE54-9A1E7A4F7556}") = "Ch15_URLRouting", "Ch15_URLRouting\Ch15_URLRouting.csproj", "{761BD227-46E1-4372-976B-8663CA1146AE}"
EndProject
Project("{9A19103F-16F7-4668-BE54-9A1E7A4F7556}") = "Ch17_ControllersAndActions", "Ch17_ControllersAndActions\Ch17_ControllersAndActions.csproj", "{C9670710-58AF-46BC-AED2-A6B7CDD87663}"
EndProject
Project("{9A19103F-16F7-4668-BE54-9A1E7A4F7556}") = "Ch18_DependencyInjection", "Ch19_DependencyInjection\Ch18_DependencyInjection.csproj", "{F94D94C5-25B9-4AF8-A4F4-5FFE9115EA32}"
EndProject
Project("{9A19103F-16F7-4668-BE54-9A1E7A4F7556}") = "Ch19_Filters", "Ch19_Filters\Ch19_Filters.csproj", "{D40298A3-3896-4D8F-B744-BC577A3A69D1}"
EndProject
Project("{9A19103F-16F7-4668-BE54-9A1E7A4F7556}") = "Ch20_APIControllers", "Ch20_APIControllers\Ch20_APIControllers.csproj", "{6FBDC53A-6591-4480-A6E2-8B5A77A2C2D0}"
EndProject
Project("{9A19103F-16F7-4668-BE54-9A1E7A4F7556}") = "Ch21_Views", "Ch21_Views\Ch21_Views.csproj", "{BF6DD9B9-B391-4613-9F32-7FE6F729411C}"
EndProject
Project("{9A19103F-16F7-4668-BE54-9A1E7A4F7556}") = "Ch22_ViewComponents", "Ch22_ViewComponents\Ch22_ViewComponents.csproj", "{5B88569E-760F-462E-9406-393DFEB4400C}"
EndProject
Project("{9A19103F-16F7-4668-BE54-9A1E7A4F7556}") = "Ch23_UnderstandingTagHelpers", "Ch23_UnderstandingTagHelpers\Ch23_UnderstandingTagHelpers.csproj", "{C5C20B20-B34C-48DD-8923-C6A188F8EE17}"
EndProject
Project("{9A19103F-16F7-4668-BE54-9A1E7A4F7556}") = "Ch24_UsingTheFormTagHelpers", "Ch24_UsingTheFormTagHelpers\Ch24_UsingTheFormTagHelpers.csproj", "{CF03A29D-00C1-4D9C-8FB2-5C55553AAD8B}"
EndProject
Project("{9A19103F-16F7-4668-BE54-9A1E7A4F7556}") = "Ch25_UsingTheOtherBuildInTagHelpers", "Ch25_UsingTheOtherBuildInTagHelpers\Ch25_UsingTheOtherBuildInTagHelpers.csproj", "{E932E5AA-5D72-478A-8234-8613A10C333C}"
EndProject
Project("{FAE04EC0-301F-11D3-BF4B-00C04F79EFBC}") = "Ch26_ModelBinding", "Ch26_ModelBinding\Ch26_ModelBinding.csproj", "{4D1C3CDE-DA7C-48A0-8D20-7D364E14D179}"
EndProject
Global
	GlobalSection(SolutionConfigurationPlatforms) = preSolution
		Debug|Any CPU = Debug|Any CPU
		Release|Any CPU = Release|Any CPU
	EndGlobalSection
	GlobalSection(ProjectConfigurationPlatforms) = postSolution
		{00267EBE-B0BD-4B73-99A0-8D48A7A5D18A}.Debug|Any CPU.ActiveCfg = Debug|Any CPU
		{00267EBE-B0BD-4B73-99A0-8D48A7A5D18A}.Debug|Any CPU.Build.0 = Debug|Any CPU
		{00267EBE-B0BD-4B73-99A0-8D48A7A5D18A}.Release|Any CPU.ActiveCfg = Release|Any CPU
		{00267EBE-B0BD-4B73-99A0-8D48A7A5D18A}.Release|Any CPU.Build.0 = Release|Any CPU
		{761BD227-46E1-4372-976B-8663CA1146AE}.Debug|Any CPU.ActiveCfg = Debug|Any CPU
		{761BD227-46E1-4372-976B-8663CA1146AE}.Debug|Any CPU.Build.0 = Debug|Any CPU
		{761BD227-46E1-4372-976B-8663CA1146AE}.Release|Any CPU.ActiveCfg = Release|Any CPU
		{761BD227-46E1-4372-976B-8663CA1146AE}.Release|Any CPU.Build.0 = Release|Any CPU
		{C9670710-58AF-46BC-AED2-A6B7CDD87663}.Debug|Any CPU.ActiveCfg = Debug|Any CPU
		{C9670710-58AF-46BC-AED2-A6B7CDD87663}.Debug|Any CPU.Build.0 = Debug|Any CPU
		{C9670710-58AF-46BC-AED2-A6B7CDD87663}.Release|Any CPU.ActiveCfg = Release|Any CPU
		{C9670710-58AF-46BC-AED2-A6B7CDD87663}.Release|Any CPU.Build.0 = Release|Any CPU
		{F94D94C5-25B9-4AF8-A4F4-5FFE9115EA32}.Debug|Any CPU.ActiveCfg = Debug|Any CPU
		{F94D94C5-25B9-4AF8-A4F4-5FFE9115EA32}.Debug|Any CPU.Build.0 = Debug|Any CPU
		{F94D94C5-25B9-4AF8-A4F4-5FFE9115EA32}.Release|Any CPU.ActiveCfg = Release|Any CPU
		{F94D94C5-25B9-4AF8-A4F4-5FFE9115EA32}.Release|Any CPU.Build.0 = Release|Any CPU
		{D40298A3-3896-4D8F-B744-BC577A3A69D1}.Debug|Any CPU.ActiveCfg = Debug|Any CPU
		{D40298A3-3896-4D8F-B744-BC577A3A69D1}.Debug|Any CPU.Build.0 = Debug|Any CPU
		{D40298A3-3896-4D8F-B744-BC577A3A69D1}.Release|Any CPU.ActiveCfg = Release|Any CPU
		{D40298A3-3896-4D8F-B744-BC577A3A69D1}.Release|Any CPU.Build.0 = Release|Any CPU
		{6FBDC53A-6591-4480-A6E2-8B5A77A2C2D0}.Debug|Any CPU.ActiveCfg = Debug|Any CPU
		{6FBDC53A-6591-4480-A6E2-8B5A77A2C2D0}.Debug|Any CPU.Build.0 = Debug|Any CPU
		{6FBDC53A-6591-4480-A6E2-8B5A77A2C2D0}.Release|Any CPU.ActiveCfg = Release|Any CPU
		{6FBDC53A-6591-4480-A6E2-8B5A77A2C2D0}.Release|Any CPU.Build.0 = Release|Any CPU
		{BF6DD9B9-B391-4613-9F32-7FE6F729411C}.Debug|Any CPU.ActiveCfg = Debug|Any CPU
		{BF6DD9B9-B391-4613-9F32-7FE6F729411C}.Debug|Any CPU.Build.0 = Debug|Any CPU
		{BF6DD9B9-B391-4613-9F32-7FE6F729411C}.Release|Any CPU.ActiveCfg = Release|Any CPU
		{BF6DD9B9-B391-4613-9F32-7FE6F729411C}.Release|Any CPU.Build.0 = Release|Any CPU
		{5B88569E-760F-462E-9406-393DFEB4400C}.Debug|Any CPU.ActiveCfg = Debug|Any CPU
		{5B88569E-760F-462E-9406-393DFEB4400C}.Debug|Any CPU.Build.0 = Debug|Any CPU
		{5B88569E-760F-462E-9406-393DFEB4400C}.Release|Any CPU.ActiveCfg = Release|Any CPU
		{5B88569E-760F-462E-9406-393DFEB4400C}.Release|Any CPU.Build.0 = Release|Any CPU
		{C5C20B20-B34C-48DD-8923-C6A188F8EE17}.Debug|Any CPU.ActiveCfg = Debug|Any CPU
		{C5C20B20-B34C-48DD-8923-C6A188F8EE17}.Debug|Any CPU.Build.0 = Debug|Any CPU
		{C5C20B20-B34C-48DD-8923-C6A188F8EE17}.Release|Any CPU.ActiveCfg = Release|Any CPU
		{C5C20B20-B34C-48DD-8923-C6A188F8EE17}.Release|Any CPU.Build.0 = Release|Any CPU
		{CF03A29D-00C1-4D9C-8FB2-5C55553AAD8B}.Debug|Any CPU.ActiveCfg = Debug|Any CPU
		{CF03A29D-00C1-4D9C-8FB2-5C55553AAD8B}.Debug|Any CPU.Build.0 = Debug|Any CPU
		{CF03A29D-00C1-4D9C-8FB2-5C55553AAD8B}.Release|Any CPU.ActiveCfg = Release|Any CPU
		{CF03A29D-00C1-4D9C-8FB2-5C55553AAD8B}.Release|Any CPU.Build.0 = Release|Any CPU
		{E932E5AA-5D72-478A-8234-8613A10C333C}.Debug|Any CPU.ActiveCfg = Debug|Any CPU
		{E932E5AA-5D72-478A-8234-8613A10C333C}.Debug|Any CPU.Build.0 = Debug|Any CPU
		{E932E5AA-5D72-478A-8234-8613A10C333C}.Release|Any CPU.ActiveCfg = Release|Any CPU
		{E932E5AA-5D72-478A-8234-8613A10C333C}.Release|Any CPU.Build.0 = Release|Any CPU
		{4D1C3CDE-DA7C-48A0-8D20-7D364E14D179}.Debug|Any CPU.ActiveCfg = Debug|Any CPU
		{4D1C3CDE-DA7C-48A0-8D20-7D364E14D179}.Debug|Any CPU.Build.0 = Debug|Any CPU
		{4D1C3CDE-DA7C-48A0-8D20-7D364E14D179}.Release|Any CPU.ActiveCfg = Release|Any CPU
		{4D1C3CDE-DA7C-48A0-8D20-7D364E14D179}.Release|Any CPU.Build.0 = Release|Any CPU
	EndGlobalSection
	GlobalSection(SolutionProperties) = preSolution
		HideSolutionNode = FALSE
	EndGlobalSection
	GlobalSection(ExtensibilityGlobals) = postSolution
		SolutionGuid = {4473C6D1-6534-4C51-BC9E-C93FC8DF792F}
	EndGlobalSection
EndGlobal
